
Microsoft Visual Studio Solution File, Format Version 12.00
# Visual Studio Version 16
VisualStudioVersion = 16.0.29613.14
MinimumVisualStudioVersion = 10.0.40219.1
Project("{FAE04EC0-301F-11D3-BF4B-00C04F79EFBC}") = "DeeGoldHealthPlus", "DeeGoldHealthPlus\DeeGoldHealthPlus.csproj", "{5A63293A-3A7F-40E1-B1F4-A48F52A4C6DB}"
EndProject
Global
	GlobalSection(SolutionConfigurationPlatforms) = preSolution
		Debug|Any CPU = Debug|Any CPU
		Release|Any CPU = Release|Any CPU
	EndGlobalSection
	GlobalSection(ProjectConfigurationPlatforms) = postSolution
		{5A63293A-3A7F-40E1-B1F4-A48F52A4C6DB}.Debug|Any CPU.ActiveCfg = Debug|Any CPU
		{5A63293A-3A7F-40E1-B1F4-A48F52A4C6DB}.Debug|Any CPU.Build.0 = Debug|Any CPU
		{5A63293A-3A7F-40E1-B1F4-A48F52A4C6DB}.Release|Any CPU.ActiveCfg = Release|Any CPU
		{5A63293A-3A7F-40E1-B1F4-A48F52A4C6DB}.Release|Any CPU.Build.0 = Release|Any CPU
	EndGlobalSection
	GlobalSection(SolutionProperties) = preSolution
		HideSolutionNode = FALSE
	EndGlobalSection
	GlobalSection(ExtensibilityGlobals) = postSolution
		SolutionGuid = {0E0BFD11-893A-4F26-AB34-E8EAFB25037E}
	EndGlobalSection
EndGlobal
